
Microsoft Visual Studio Solution File, Format Version 12.00
# Visual Studio Version 17
VisualStudioVersion = 17.11.35327.3
MinimumVisualStudioVersion = 10.0.40219.1
Project("{9A19103F-16F7-4668-BE54-9A1E7A4F7556}") = "BibliotekarzBlazor", "BibliotekarzBlazor\BibliotekarzBlazor.csproj", "{02EF798F-AF05-4FD7-806D-A4BF4D78A465}"
EndProject
Project("{9A19103F-16F7-4668-BE54-9A1E7A4F7556}") = "BibliotekarzBlazor.Shared", "BibliotekarzBlazor.Shared\BibliotekarzBlazor.Shared.csproj", "{6B392C0F-640E-4185-A21E-6142B6B51F4D}"
EndProject
Project("{9A19103F-16F7-4668-BE54-9A1E7A4F7556}") = "BibliotekarzBlazor.Api", "BibliotekarzBlazor.Api\BibliotekarzBlazor.Api.csproj", "{180A6765-4713-4997-8FCB-F1FFB7202BE8}"
EndProject
Global
	GlobalSection(SolutionConfigurationPlatforms) = preSolution
		Debug|Any CPU = Debug|Any CPU
		Release|Any CPU = Release|Any CPU
	EndGlobalSection
	GlobalSection(ProjectConfigurationPlatforms) = postSolution
		{02EF798F-AF05-4FD7-806D-A4BF4D78A465}.Debug|Any CPU.ActiveCfg = Debug|Any CPU
		{02EF798F-AF05-4FD7-806D-A4BF4D78A465}.Debug|Any CPU.Build.0 = Debug|Any CPU
		{02EF798F-AF05-4FD7-806D-A4BF4D78A465}.Release|Any CPU.ActiveCfg = Release|Any CPU
		{02EF798F-AF05-4FD7-806D-A4BF4D78A465}.Release|Any CPU.Build.0 = Release|Any CPU
		{6B392C0F-640E-4185-A21E-6142B6B51F4D}.Debug|Any CPU.ActiveCfg = Debug|Any CPU
		{6B392C0F-640E-4185-A21E-6142B6B51F4D}.Debug|Any CPU.Build.0 = Debug|Any CPU
		{6B392C0F-640E-4185-A21E-6142B6B51F4D}.Release|Any CPU.ActiveCfg = Release|Any CPU
		{6B392C0F-640E-4185-A21E-6142B6B51F4D}.Release|Any CPU.Build.0 = Release|Any CPU
		{180A6765-4713-4997-8FCB-F1FFB7202BE8}.Debug|Any CPU.ActiveCfg = Debug|Any CPU
		{180A6765-4713-4997-8FCB-F1FFB7202BE8}.Debug|Any CPU.Build.0 = Debug|Any CPU
		{180A6765-4713-4997-8FCB-F1FFB7202BE8}.Release|Any CPU.ActiveCfg = Release|Any CPU
		{180A6765-4713-4997-8FCB-F1FFB7202BE8}.Release|Any CPU.Build.0 = Release|Any CPU
	EndGlobalSection
	GlobalSection(SolutionProperties) = preSolution
		HideSolutionNode = FALSE
	EndGlobalSection
	GlobalSection(ExtensibilityGlobals) = postSolution
		SolutionGuid = {F6183DCA-43B3-428A-8D22-4694F70BEE3C}
	EndGlobalSection
EndGlobal
